// !$*UTF8*$!
{
	archiveVersion = 1;
	classes = {
	};
	objectVersion = 46;
	objects = {

/* Begin PBXBuildFile section */
		664A90EBD95A4C161464E309 /* libPods.a in Frameworks */ = {isa = PBXBuildFile; fileRef = E302E59A829091828BC4D992 /* libPods.a */; };
		D401F65B1A22349A000E670A /* BeaconsTableViewController.m in Sources */ = {isa = PBXBuildFile; fileRef = D401F65A1A22349A000E670A /* BeaconsTableViewController.m */; };
		D401F65E1A2234DE000E670A /* NavigationController.m in Sources */ = {isa = PBXBuildFile; fileRef = D401F65D1A2234DE000E670A /* NavigationController.m */; };
		D401F6611A223B48000E670A /* BeaconsTableViewCell.m in Sources */ = {isa = PBXBuildFile; fileRef = D401F6601A223B48000E670A /* BeaconsTableViewCell.m */; };
		D44233D11A18FC2E00F03AE7 /* main.m in Sources */ = {isa = PBXBuildFile; fileRef = D44233D01A18FC2E00F03AE7 /* main.m */; };
		D44233D41A18FC2E00F03AE7 /* AppDelegate.m in Sources */ = {isa = PBXBuildFile; fileRef = D44233D31A18FC2E00F03AE7 /* AppDelegate.m */; };
		D44233DA1A18FC2E00F03AE7 /* Main.storyboard in Resources */ = {isa = PBXBuildFile; fileRef = D44233D81A18FC2E00F03AE7 /* Main.storyboard */; };
		D44233DC1A18FC2E00F03AE7 /* Images.xcassets in Resources */ = {isa = PBXBuildFile; fileRef = D44233DB1A18FC2E00F03AE7 /* Images.xcassets */; };
		D44233DF1A18FC2E00F03AE7 /* LaunchScreen.xib in Resources */ = {isa = PBXBuildFile; fileRef = D44233DD1A18FC2E00F03AE7 /* LaunchScreen.xib */; };
		D44233EB1A18FC2E00F03AE7 /* BeaconAppTests.m in Sources */ = {isa = PBXBuildFile; fileRef = D44233EA1A18FC2E00F03AE7 /* BeaconAppTests.m */; };
		D45B43711A370CB10028637B /* BeaconDetailsViewController.m in Sources */ = {isa = PBXBuildFile; fileRef = D45B43701A370CB10028637B /* BeaconDetailsViewController.m */; };
/* End PBXBuildFile section */

/* Begin PBXContainerItemProxy section */
		D44233E51A18FC2E00F03AE7 /* PBXContainerItemProxy */ = {
			isa = PBXContainerItemProxy;
			containerPortal = D44233C31A18FC2E00F03AE7 /* Project object */;
			proxyType = 1;
			remoteGlobalIDString = D44233CA1A18FC2E00F03AE7;
			remoteInfo = BeaconApp;
		};
/* End PBXContainerItemProxy section */

/* Begin PBXFileReference section */
		5B3FB387E8305FFFD4F6B7CC /* Pods.debug.xcconfig */ = {isa = PBXFileReference; includeInIndex = 1; lastKnownFileType = text.xcconfig; name = Pods.debug.xcconfig; path = "Pods/Target Support Files/Pods/Pods.debug.xcconfig"; sourceTree = "<group>"; };
		6700C816C1854A1C78249124 /* Pods.release.xcconfig */ = {isa = PBXFileReference; includeInIndex = 1; lastKnownFileType = text.xcconfig; name = Pods.release.xcconfig; path = "Pods/Target Support Files/Pods/Pods.release.xcconfig"; sourceTree = "<group>"; };
		D401F6591A22349A000E670A /* BeaconsTableViewController.h */ = {isa = PBXFileReference; fileEncoding = 4; lastKnownFileType = sourcecode.c.h; path = BeaconsTableViewController.h; sourceTree = "<group>"; };
		D401F65A1A22349A000E670A /* BeaconsTableViewController.m */ = {isa = PBXFileReference; fileEncoding = 4; lastKnownFileType = sourcecode.c.objc; path = BeaconsTableViewController.m; sourceTree = "<group>"; };
		D401F65C1A2234DE000E670A /* NavigationController.h */ = {isa = PBXFileReference; fileEncoding = 4; lastKnownFileType = sourcecode.c.h; path = NavigationController.h; sourceTree = "<group>"; };
		D401F65D1A2234DE000E670A /* NavigationController.m */ = {isa = PBXFileReference; fileEncoding = 4; lastKnownFileType = sourcecode.c.objc; path = NavigationController.m; sourceTree = "<group>"; };
		D401F65F1A223B48000E670A /* BeaconsTableViewCell.h */ = {isa = PBXFileReference; fileEncoding = 4; lastKnownFileType = sourcecode.c.h; path = BeaconsTableViewCell.h; sourceTree = "<group>"; };
		D401F6601A223B48000E670A /* BeaconsTableViewCell.m */ = {isa = PBXFileReference; fileEncoding = 4; lastKnownFileType = sourcecode.c.objc; path = BeaconsTableViewCell.m; sourceTree = "<group>"; };
		D44233CB1A18FC2E00F03AE7 /* BeaconApp.app */ = {isa = PBXFileReference; explicitFileType = wrapper.application; includeInIndex = 0; path = BeaconApp.app; sourceTree = BUILT_PRODUCTS_DIR; };
		D44233CF1A18FC2E00F03AE7 /* Info.plist */ = {isa = PBXFileReference; lastKnownFileType = text.plist.xml; path = Info.plist; sourceTree = "<group>"; };
		D44233D01A18FC2E00F03AE7 /* main.m */ = {isa = PBXFileReference; lastKnownFileType = sourcecode.c.objc; path = main.m; sourceTree = "<group>"; };
		D44233D21A18FC2E00F03AE7 /* AppDelegate.h */ = {isa = PBXFileReference; lastKnownFileType = sourcecode.c.h; path = AppDelegate.h; sourceTree = "<group>"; };
		D44233D31A18FC2E00F03AE7 /* AppDelegate.m */ = {isa = PBXFileReference; lastKnownFileType = sourcecode.c.objc; path = AppDelegate.m; sourceTree = "<group>"; };
		D44233D91A18FC2E00F03AE7 /* Base */ = {isa = PBXFileReference; lastKnownFileType = file.storyboard; name = Base; path = Base.lproj/Main.storyboard; sourceTree = "<group>"; };
		D44233DB1A18FC2E00F03AE7 /* Images.xcassets */ = {isa = PBXFileReference; lastKnownFileType = folder.assetcatalog; path = Images.xcassets; sourceTree = "<group>"; };
		D44233DE1A18FC2E00F03AE7 /* Base */ = {isa = PBXFileReference; lastKnownFileType = file.xib; name = Base; path = Base.lproj/LaunchScreen.xib; sourceTree = "<group>"; };
		D44233E41A18FC2E00F03AE7 /* BeaconAppTests.xctest */ = {isa = PBXFileReference; explicitFileType = wrapper.cfbundle; includeInIndex = 0; path = BeaconAppTests.xctest; sourceTree = BUILT_PRODUCTS_DIR; };
		D44233E91A18FC2E00F03AE7 /* Info.plist */ = {isa = PBXFileReference; lastKnownFileType = text.plist.xml; path = Info.plist; sourceTree = "<group>"; };
		D44233EA1A18FC2E00F03AE7 /* BeaconAppTests.m */ = {isa = PBXFileReference; lastKnownFileType = sourcecode.c.objc; path = BeaconAppTests.m; sourceTree = "<group>"; };
		D45B436F1A370CB10028637B /* BeaconDetailsViewController.h */ = {isa = PBXFileReference; fileEncoding = 4; lastKnownFileType = sourcecode.c.h; path = BeaconDetailsViewController.h; sourceTree = "<group>"; };
		D45B43701A370CB10028637B /* BeaconDetailsViewController.m */ = {isa = PBXFileReference; fileEncoding = 4; lastKnownFileType = sourcecode.c.objc; path = BeaconDetailsViewController.m; sourceTree = "<group>"; };
		E302E59A829091828BC4D992 /* libPods.a */ = {isa = PBXFileReference; explicitFileType = archive.ar; includeInIndex = 0; path = libPods.a; sourceTree = BUILT_PRODUCTS_DIR; };
/* End PBXFileReference section */

/* Begin PBXFrameworksBuildPhase section */
		D44233C81A18FC2E00F03AE7 /* Frameworks */ = {
			isa = PBXFrameworksBuildPhase;
			buildActionMask = 2147483647;
			files = (
				664A90EBD95A4C161464E309 /* libPods.a in Frameworks */,
			);
			runOnlyForDeploymentPostprocessing = 0;
		};
		D44233E11A18FC2E00F03AE7 /* Frameworks */ = {
			isa = PBXFrameworksBuildPhase;
			buildActionMask = 2147483647;
			files = (
			);
			runOnlyForDeploymentPostprocessing = 0;
		};
/* End PBXFrameworksBuildPhase section */

/* Begin PBXGroup section */
		98CCD7B647B22A60778E9C3E /* Pods */ = {
			isa = PBXGroup;
			children = (
				5B3FB387E8305FFFD4F6B7CC /* Pods.debug.xcconfig */,
				6700C816C1854A1C78249124 /* Pods.release.xcconfig */,
			);
			name = Pods;
			sourceTree = "<group>";
		};
		A83763A2F647684A0E08714C /* Frameworks */ = {
			isa = PBXGroup;
			children = (
				E302E59A829091828BC4D992 /* libPods.a */,
			);
			name = Frameworks;
			sourceTree = "<group>";
		};
		D44233C21A18FC2E00F03AE7 = {
			isa = PBXGroup;
			children = (
				D44233CD1A18FC2E00F03AE7 /* BeaconApp */,
				D44233E71A18FC2E00F03AE7 /* BeaconAppTests */,
				D44233CC1A18FC2E00F03AE7 /* Products */,
				98CCD7B647B22A60778E9C3E /* Pods */,
				A83763A2F647684A0E08714C /* Frameworks */,
			);
			sourceTree = "<group>";
		};
		D44233CC1A18FC2E00F03AE7 /* Products */ = {
			isa = PBXGroup;
			children = (
				D44233CB1A18FC2E00F03AE7 /* BeaconApp.app */,
				D44233E41A18FC2E00F03AE7 /* BeaconAppTests.xctest */,
			);
			name = Products;
			sourceTree = "<group>";
		};
		D44233CD1A18FC2E00F03AE7 /* BeaconApp */ = {
			isa = PBXGroup;
			children = (
				D44233D21A18FC2E00F03AE7 /* AppDelegate.h */,
				D44233D31A18FC2E00F03AE7 /* AppDelegate.m */,
				D44233D81A18FC2E00F03AE7 /* Main.storyboard */,
				D44233DB1A18FC2E00F03AE7 /* Images.xcassets */,
				D44233DD1A18FC2E00F03AE7 /* LaunchScreen.xib */,
				D44233CE1A18FC2E00F03AE7 /* Supporting Files */,
				D401F6591A22349A000E670A /* BeaconsTableViewController.h */,
				D401F65A1A22349A000E670A /* BeaconsTableViewController.m */,
				D401F65C1A2234DE000E670A /* NavigationController.h */,
				D401F65D1A2234DE000E670A /* NavigationController.m */,
				D401F65F1A223B48000E670A /* BeaconsTableViewCell.h */,
				D401F6601A223B48000E670A /* BeaconsTableViewCell.m */,
				D45B436F1A370CB10028637B /* BeaconDetailsViewController.h */,
				D45B43701A370CB10028637B /* BeaconDetailsViewController.m */,
			);
			path = BeaconApp;
			sourceTree = "<group>";
		};
		D44233CE1A18FC2E00F03AE7 /* Supporting Files */ = {
			isa = PBXGroup;
			children = (
				D44233CF1A18FC2E00F03AE7 /* Info.plist */,
				D44233D01A18FC2E00F03AE7 /* main.m */,
			);
			name = "Supporting Files";
			sourceTree = "<group>";
		};
		D44233E71A18FC2E00F03AE7 /* BeaconAppTests */ = {
			isa = PBXGroup;
			children = (
				D44233EA1A18FC2E00F03AE7 /* BeaconAppTests.m */,
				D44233E81A18FC2E00F03AE7 /* Supporting Files */,
			);
			path = BeaconAppTests;
			sourceTree = "<group>";
		};
		D44233E81A18FC2E00F03AE7 /* Supporting Files */ = {
			isa = PBXGroup;
			children = (
				D44233E91A18FC2E00F03AE7 /* Info.plist */,
			);
			name = "Supporting Files";
			sourceTree = "<group>";
		};
/* End PBXGroup section */

/* Begin PBXNativeTarget section */
		D44233CA1A18FC2E00F03AE7 /* BeaconApp */ = {
			isa = PBXNativeTarget;
			buildConfigurationList = D44233EE1A18FC2E00F03AE7 /* Build configuration list for PBXNativeTarget "BeaconApp" */;
			buildPhases = (
				B45D576731AC8A81B2ACFFE2 /* Check Pods Manifest.lock */,
				D44233C71A18FC2E00F03AE7 /* Sources */,
				D44233C81A18FC2E00F03AE7 /* Frameworks */,
				D44233C91A18FC2E00F03AE7 /* Resources */,
				27D6FD98B9F3FA0ABE6083C7 /* Copy Pods Resources */,
			);
			buildRules = (
			);
			dependencies = (
			);
			name = BeaconApp;
			productName = BeaconApp;
			productReference = D44233CB1A18FC2E00F03AE7 /* BeaconApp.app */;
			productType = "com.apple.product-type.application";
		};
		D44233E31A18FC2E00F03AE7 /* BeaconAppTests */ = {
			isa = PBXNativeTarget;
			buildConfigurationList = D44233F11A18FC2E00F03AE7 /* Build configuration list for PBXNativeTarget "BeaconAppTests" */;
			buildPhases = (
				D44233E01A18FC2E00F03AE7 /* Sources */,
				D44233E11A18FC2E00F03AE7 /* Frameworks */,
				D44233E21A18FC2E00F03AE7 /* Resources */,
			);
			buildRules = (
			);
			dependencies = (
				D44233E61A18FC2E00F03AE7 /* PBXTargetDependency */,
			);
			name = BeaconAppTests;
			productName = BeaconAppTests;
			productReference = D44233E41A18FC2E00F03AE7 /* BeaconAppTests.xctest */;
			productType = "com.apple.product-type.bundle.unit-test";
		};
/* End PBXNativeTarget section */

/* Begin PBXProject section */
		D44233C31A18FC2E00F03AE7 /* Project object */ = {
			isa = PBXProject;
			attributes = {
				LastUpgradeCheck = 0610;
				ORGANIZATIONNAME = SHoogland;
				TargetAttributes = {
					D44233CA1A18FC2E00F03AE7 = {
						CreatedOnToolsVersion = 6.1;
					};
					D44233E31A18FC2E00F03AE7 = {
						CreatedOnToolsVersion = 6.1;
						TestTargetID = D44233CA1A18FC2E00F03AE7;
					};
				};
			};
			buildConfigurationList = D44233C61A18FC2E00F03AE7 /* Build configuration list for PBXProject "BeaconApp" */;
			compatibilityVersion = "Xcode 3.2";
			developmentRegion = English;
			hasScannedForEncodings = 0;
			knownRegions = (
				en,
				Base,
			);
			mainGroup = D44233C21A18FC2E00F03AE7;
			productRefGroup = D44233CC1A18FC2E00F03AE7 /* Products */;
			projectDirPath = "";
			projectRoot = "";
			targets = (
				D44233CA1A18FC2E00F03AE7 /* BeaconApp */,
				D44233E31A18FC2E00F03AE7 /* BeaconAppTests */,
			);
		};
/* End PBXProject section */

/* Begin PBXResourcesBuildPhase section */
		D44233C91A18FC2E00F03AE7 /* Resources */ = {
			isa = PBXResourcesBuildPhase;
			buildActionMask = 2147483647;
			files = (
				D44233DA1A18FC2E00F03AE7 /* Main.storyboard in Resources */,
				D44233DF1A18FC2E00F03AE7 /* LaunchScreen.xib in Resources */,
				D44233DC1A18FC2E00F03AE7 /* Images.xcassets in Resources */,
			);
			runOnlyForDeploymentPostprocessing = 0;
		};
		D44233E21A18FC2E00F03AE7 /* Resources */ = {
			isa = PBXResourcesBuildPhase;
			buildActionMask = 2147483647;
			files = (
			);
			runOnlyForDeploymentPostprocessing = 0;
		};
/* End PBXResourcesBuildPhase section */

/* Begin PBXShellScriptBuildPhase section */
		27D6FD98B9F3FA0ABE6083C7 /* Copy Pods Resources */ = {
			isa = PBXShellScriptBuildPhase;
			buildActionMask = 2147483647;
			files = (
			);
			inputPaths = (
			);
			name = "Copy Pods Resources";
			outputPaths = (
			);
			runOnlyForDeploymentPostprocessing = 0;
			shellPath = /bin/sh;
			shellScript = "\"${SRCROOT}/Pods/Target Support Files/Pods/Pods-resources.sh\"\n";
			showEnvVarsInLog = 0;
		};
		B45D576731AC8A81B2ACFFE2 /* Check Pods Manifest.lock */ = {
			isa = PBXShellScriptBuildPhase;
			buildActionMask = 2147483647;
			files = (
			);
			inputPaths = (
			);
			name = "Check Pods Manifest.lock";
			outputPaths = (
			);
			runOnlyForDeploymentPostprocessing = 0;
			shellPath = /bin/sh;
			shellScript = "diff \"${PODS_ROOT}/../Podfile.lock\" \"${PODS_ROOT}/Manifest.lock\" > /dev/null\nif [[ $? != 0 ]] ; then\n    cat << EOM\nerror: The sandbox is not in sync with the Podfile.lock. Run 'pod install' or update your CocoaPods installation.\nEOM\n    exit 1\nfi\n";
			showEnvVarsInLog = 0;
		};
/* End PBXShellScriptBuildPhase section */

/* Begin PBXSourcesBuildPhase section */
		D44233C71A18FC2E00F03AE7 /* Sources */ = {
			isa = PBXSourcesBuildPhase;
			buildActionMask = 2147483647;
			files = (
				D401F6611A223B48000E670A /* BeaconsTableViewCell.m in Sources */,
				D45B43711A370CB10028637B /* BeaconDetailsViewController.m in Sources */,
				D401F65B1A22349A000E670A /* BeaconsTableViewController.m in Sources */,
				D401F65E1A2234DE000E670A /* NavigationController.m in Sources */,
				D44233D41A18FC2E00F03AE7 /* AppDelegate.m in Sources */,
				D44233D11A18FC2E00F03AE7 /* main.m in Sources */,
			);
			runOnlyForDeploymentPostprocessing = 0;
		};
		D44233E01A18FC2E00F03AE7 /* Sources */ = {
			isa = PBXSourcesBuildPhase;
			buildActionMask = 2147483647;
			files = (
				D44233EB1A18FC2E00F03AE7 /* BeaconAppTests.m in Sources */,
			);
			runOnlyForDeploymentPostprocessing = 0;
		};
/* End PBXSourcesBuildPhase section */

/* Begin PBXTargetDependency section */
		D44233E61A18FC2E00F03AE7 /* PBXTargetDependency */ = {
			isa = PBXTargetDependency;
			target = D44233CA1A18FC2E00F03AE7 /* BeaconApp */;
			targetProxy = D44233E51A18FC2E00F03AE7 /* PBXContainerItemProxy */;
		};
/* End PBXTargetDependency section */

/* Begin PBXVariantGroup section */
		D44233D81A18FC2E00F03AE7 /* Main.storyboard */ = {
			isa = PBXVariantGroup;
			children = (
				D44233D91A18FC2E00F03AE7 /* Base */,
			);
			name = Main.storyboard;
			sourceTree = "<group>";
		};
		D44233DD1A18FC2E00F03AE7 /* LaunchScreen.xib */ = {
			isa = PBXVariantGroup;
			children = (
				D44233DE1A18FC2E00F03AE7 /* Base */,
			);
			name = LaunchScreen.xib;
			sourceTree = "<group>";
		};
/* End PBXVariantGroup section */

/* Begin XCBuildConfiguration section */
		D44233EC1A18FC2E00F03AE7 /* Debug */ = {
			isa = XCBuildConfiguration;
			buildSettings = {
				ALWAYS_SEARCH_USER_PATHS = NO;
				CLANG_CXX_LANGUAGE_STANDARD = "gnu++0x";
				CLANG_CXX_LIBRARY = "libc++";
				CLANG_ENABLE_MODULES = YES;
				CLANG_ENABLE_OBJC_ARC = YES;
				CLANG_WARN_BOOL_CONVERSION = YES;
				CLANG_WARN_CONSTANT_CONVERSION = YES;
				CLANG_WARN_DIRECT_OBJC_ISA_USAGE = YES_ERROR;
				CLANG_WARN_EMPTY_BODY = YES;
				CLANG_WARN_ENUM_CONVERSION = YES;
				CLANG_WARN_INT_CONVERSION = YES;
				CLANG_WARN_OBJC_ROOT_CLASS = YES_ERROR;
				CLANG_WARN_UNREACHABLE_CODE = YES;
				CLANG_WARN__DUPLICATE_METHOD_MATCH = YES;
				CODE_SIGN_IDENTITY = "iOS Development: Stephan Hoogland (2U8N2B24D4)";
				"CODE_SIGN_IDENTITY[sdk=iphoneos*]" = "iPhone Developer";
				COPY_PHASE_STRIP = NO;
				ENABLE_STRICT_OBJC_MSGSEND = YES;
				GCC_C_LANGUAGE_STANDARD = gnu99;
				GCC_DYNAMIC_NO_PIC = NO;
				GCC_OPTIMIZATION_LEVEL = 0;
				GCC_PREPROCESSOR_DEFINITIONS = (
					"DEBUG=1",
					"$(inherited)",
				);
				GCC_SYMBOLS_PRIVATE_EXTERN = NO;
				GCC_WARN_64_TO_32_BIT_CONVERSION = YES;
				GCC_WARN_ABOUT_RETURN_TYPE = YES_ERROR;
				GCC_WARN_UNDECLARED_SELECTOR = YES;
				GCC_WARN_UNINITIALIZED_AUTOS = YES_AGGRESSIVE;
				GCC_WARN_UNUSED_FUNCTION = YES;
				GCC_WARN_UNUSED_VARIABLE = YES;
				IPHONEOS_DEPLOYMENT_TARGET = 8.1;
				MTL_ENABLE_DEBUG_INFO = YES;
				ONLY_ACTIVE_ARCH = YES;
				SDKROOT = iphoneos;
			};
			name = Debug;
		};
		D44233ED1A18FC2E00F03AE7 /* Release */ = {
			isa = XCBuildConfiguration;
			buildSettings = {
				ALWAYS_SEARCH_USER_PATHS = NO;
				CLANG_CXX_LANGUAGE_STANDARD = "gnu++0x";
				CLANG_CXX_LIBRARY = "libc++";
				CLANG_ENABLE_MODULES = YES;
				CLANG_ENABLE_OBJC_ARC = YES;
				CLANG_WARN_BOOL_CONVERSION = YES;
				CLANG_WARN_CONSTANT_CONVERSION = YES;
				CLANG_WARN_DIRECT_OBJC_ISA_USAGE = YES_ERROR;
				CLANG_WARN_EMPTY_BODY = YES;
				CLANG_WARN_ENUM_CONVERSION = YES;
				CLANG_WARN_INT_CONVERSION = YES;
				CLANG_WARN_OBJC_ROOT_CLASS = YES_ERROR;
				CLANG_WARN_UNREACHABLE_CODE = YES;
				CLANG_WARN__DUPLICATE_METHOD_MATCH = YES;
				CODE_SIGN_IDENTITY = "iOS Development: Stephan Hoogland (2U8N2B24D4)";
				"CODE_SIGN_IDENTITY[sdk=iphoneos*]" = "iPhone Developer";
				COPY_PHASE_STRIP = YES;
				ENABLE_NS_ASSERTIONS = NO;
				ENABLE_STRICT_OBJC_MSGSEND = YES;
				GCC_C_LANGUAGE_STANDARD = gnu99;
				GCC_WARN_64_TO_32_BIT_CONVERSION = YES;
				GCC_WARN_ABOUT_RETURN_TYPE = YES_ERROR;
				GCC_WARN_UNDECLARED_SELECTOR = YES;
				GCC_WARN_UNINITIALIZED_AUTOS = YES_AGGRESSIVE;
				GCC_WARN_UNUSED_FUNCTION = YES;
				GCC_WARN_UNUSED_VARIABLE = YES;
				IPHONEOS_DEPLOYMENT_TARGET = 8.1;
				MTL_ENABLE_DEBUG_INFO = NO;
				SDKROOT = iphoneos;
				VALIDATE_PRODUCT = YES;
			};
			name = Release;
		};
		D44233EF1A18FC2E00F03AE7 /* Debug */ = {
			isa = XCBuildConfiguration;
			baseConfigurationReference = 5B3FB387E8305FFFD4F6B7CC /* Pods.debug.xcconfig */;
			buildSettings = {
				ASSETCATALOG_COMPILER_APPICON_NAME = AppIcon;
				INFOPLIST_FILE = BeaconApp/Info.plist;
				LD_RUNPATH_SEARCH_PATHS = "$(inherited) @executable_path/Frameworks";
				PRODUCT_NAME = "$(TARGET_NAME)";
			};
			name = Debug;
		};
		D44233F01A18FC2E00F03AE7 /* Release */ = {
			isa = XCBuildConfiguration;
			baseConfigurationReference = 6700C816C1854A1C78249124 /* Pods.release.xcconfig */;
			buildSettings = {
				ASSETCATALOG_COMPILER_APPICON_NAME = AppIcon;
				INFOPLIST_FILE = BeaconApp/Info.plist;
				LD_RUNPATH_SEARCH_PATHS = "$(inherited) @executable_path/Frameworks";
				PRODUCT_NAME = "$(TARGET_NAME)";
			};
			name = Release;
		};
		D44233F21A18FC2E00F03AE7 /* Debug */ = {
			isa = XCBuildConfiguration;
			buildSettings = {
				BUNDLE_LOADER = "$(TEST_HOST)";
				FRAMEWORK_SEARCH_PATHS = (
					"$(SDKROOT)/Developer/Library/Frameworks",
					"$(inherited)",
				);
				GCC_PREPROCESSOR_DEFINITIONS = (
					"DEBUG=1",
					"$(inherited)",
				);
				INFOPLIST_FILE = BeaconAppTests/Info.plist;
				LD_RUNPATH_SEARCH_PATHS = "$(inherited) @executable_path/Frameworks @loader_path/Frameworks";
				PRODUCT_NAME = "$(TARGET_NAME)";
				TEST_HOST = "$(BUILT_PRODUCTS_DIR)/BeaconApp.app/BeaconApp";
			};
			name = Debug;
		};
		D44233F31A18FC2E00F03AE7 /* Release */ = {
			isa = XCBuildConfiguration;
			buildSettings = {
				BUNDLE_LOADER = "$(TEST_HOST)";
				FRAMEWORK_SEARCH_PATHS = (
					"$(SDKROOT)/Developer/Library/Frameworks",
					"$(inherited)",
				);
				INFOPLIST_FILE = BeaconAppTests/Info.plist;
				LD_RUNPATH_SEARCH_PATHS = "$(inherited) @executable_path/Frameworks @loader_path/Frameworks";
				PRODUCT_NAME = "$(TARGET_NAME)";
				TEST_HOST = "$(BUILT_PRODUCTS_DIR)/BeaconApp.app/BeaconApp";
			};
			name = Release;
		};
/* End XCBuildConfiguration section */

/* Begin XCConfigurationList section */
		D44233C61A18FC2E00F03AE7 /* Build configuration list for PBXProject "BeaconApp" */ = {
			isa = XCConfigurationList;
			buildConfigurations = (
				D44233EC1A18FC2E00F03AE7 /* Debug */,
				D44233ED1A18FC2E00F03AE7 /* Release */,
			);
			defaultConfigurationIsVisible = 0;
			defaultConfigurationName = Release;
		};
		D44233EE1A18FC2E00F03AE7 /* Build configuration list for PBXNativeTarget "BeaconApp" */ = {
			isa = XCConfigurationList;
			buildConfigurations = (
				D44233EF1A18FC2E00F03AE7 /* Debug */,
				D44233F01A18FC2E00F03AE7 /* Release */,
			);
			defaultConfigurationIsVisible = 0;
			defaultConfigurationName = Release;
		};
		D44233F11A18FC2E00F03AE7 /* Build configuration list for PBXNativeTarget "BeaconAppTests" */ = {
			isa = XCConfigurationList;
			buildConfigurations = (
				D44233F21A18FC2E00F03AE7 /* Debug */,
				D44233F31A18FC2E00F03AE7 /* Release */,
			);
			defaultConfigurationIsVisible = 0;
			defaultConfigurationName = Release;
		};
/* End XCConfigurationList section */
	};
	rootObject = D44233C31A18FC2E00F03AE7 /* Project object */;
}
